// !$*UTF8*$!
{
	archiveVersion = 1;
	classes = {
	};
	objectVersion = 55;
	objects = {

/* Begin PBXBuildFile section */
		A8DD9D8F26F2D277008E9B81 /* iOS15ProjectDependenciesSampleApp.swift in Sources */ = {isa = PBXBuildFile; fileRef = A8DD9D8E26F2D277008E9B81 /* iOS15ProjectDependenciesSampleApp.swift */; };
		A8DD9D9126F2D277008E9B81 /* ContentView.swift in Sources */ = {isa = PBXBuildFile; fileRef = A8DD9D9026F2D277008E9B81 /* ContentView.swift */; };
		A8DD9D9326F2D278008E9B81 /* Assets.xcassets in Resources */ = {isa = PBXBuildFile; fileRef = A8DD9D9226F2D278008E9B81 /* Assets.xcassets */; };
		A8DD9D9626F2D278008E9B81 /* Preview Assets.xcassets in Resources */ = {isa = PBXBuildFile; fileRef = A8DD9D9526F2D278008E9B81 /* Preview Assets.xcassets */; };
		A8DD9D9E26F2D2F3008E9B81 /* APIKit in Frameworks */ = {isa = PBXBuildFile; productRef = A8DD9D9D26F2D2F3008E9B81 /* APIKit */; };
		A8DD9DA126F2D37D008E9B81 /* Alamofire in Frameworks */ = {isa = PBXBuildFile; productRef = A8DD9DA026F2D37D008E9B81 /* Alamofire */; };
		A8DD9DA426F2D3BF008E9B81 /* FacebookCore in Frameworks */ = {isa = PBXBuildFile; productRef = A8DD9DA326F2D3BF008E9B81 /* FacebookCore */; };
		A8DD9DA626F2D848008E9B81 /* Nuke.xcframework in Frameworks */ = {isa = PBXBuildFile; fileRef = A8DD9DA526F2D848008E9B81 /* Nuke.xcframework */; };
		B26AC3750DD4612F390CD2B2 /* Pods_iOS15ProjectDependenciesSample.framework in Frameworks */ = {isa = PBXBuildFile; fileRef = 3C846A5F9521356298038A53 /* Pods_iOS15ProjectDependenciesSample.framework */; };
/* End PBXBuildFile section */

/* Begin PBXFileReference section */
		155A5929627CAD5759DFB118 /* Pods-iOS15ProjectDependenciesSample.release.xcconfig */ = {isa = PBXFileReference; includeInIndex = 1; lastKnownFileType = text.xcconfig; name = "Pods-iOS15ProjectDependenciesSample.release.xcconfig"; path = "Target Support Files/Pods-iOS15ProjectDependenciesSample/Pods-iOS15ProjectDependenciesSample.release.xcconfig"; sourceTree = "<group>"; };
		32FC43833FA725B4475114A8 /* Pods-iOS15ProjectDependenciesSample.debug.xcconfig */ = {isa = PBXFileReference; includeInIndex = 1; lastKnownFileType = text.xcconfig; name = "Pods-iOS15ProjectDependenciesSample.debug.xcconfig"; path = "Target Support Files/Pods-iOS15ProjectDependenciesSample/Pods-iOS15ProjectDependenciesSample.debug.xcconfig"; sourceTree = "<group>"; };
		3C846A5F9521356298038A53 /* Pods_iOS15ProjectDependenciesSample.framework */ = {isa = PBXFileReference; explicitFileType = wrapper.framework; includeInIndex = 0; path = Pods_iOS15ProjectDependenciesSample.framework; sourceTree = BUILT_PRODUCTS_DIR; };
		A8DD9D8B26F2D277008E9B81 /* iOS15ProjectDependenciesSample.app */ = {isa = PBXFileReference; explicitFileType = wrapper.application; includeInIndex = 0; path = iOS15ProjectDependenciesSample.app; sourceTree = BUILT_PRODUCTS_DIR; };
		A8DD9D8E26F2D277008E9B81 /* iOS15ProjectDependenciesSampleApp.swift */ = {isa = PBXFileReference; lastKnownFileType = sourcecode.swift; path = iOS15ProjectDependenciesSampleApp.swift; sourceTree = "<group>"; };
		A8DD9D9026F2D277008E9B81 /* ContentView.swift */ = {isa = PBXFileReference; lastKnownFileType = sourcecode.swift; path = ContentView.swift; sourceTree = "<group>"; };
		A8DD9D9226F2D278008E9B81 /* Assets.xcassets */ = {isa = PBXFileReference; lastKnownFileType = folder.assetcatalog; path = Assets.xcassets; sourceTree = "<group>"; };
		A8DD9D9526F2D278008E9B81 /* Preview Assets.xcassets */ = {isa = PBXFileReference; lastKnownFileType = folder.assetcatalog; path = "Preview Assets.xcassets"; sourceTree = "<group>"; };
		A8DD9DA526F2D848008E9B81 /* Nuke.xcframework */ = {isa = PBXFileReference; lastKnownFileType = wrapper.xcframework; name = Nuke.xcframework; path = Carthage/Build/Nuke.xcframework; sourceTree = "<group>"; };
/* End PBXFileReference section */

/* Begin PBXFrameworksBuildPhase section */
		A8DD9D8826F2D277008E9B81 /* Frameworks */ = {
			isa = PBXFrameworksBuildPhase;
			buildActionMask = 2147483647;
			files = (
				A8DD9D9E26F2D2F3008E9B81 /* APIKit in Frameworks */,
				A8DD9DA626F2D848008E9B81 /* Nuke.xcframework in Frameworks */,
				A8DD9DA426F2D3BF008E9B81 /* FacebookCore in Frameworks */,
				A8DD9DA126F2D37D008E9B81 /* Alamofire in Frameworks */,
				B26AC3750DD4612F390CD2B2 /* Pods_iOS15ProjectDependenciesSample.framework in Frameworks */,
			);
			runOnlyForDeploymentPostprocessing = 0;
		};
/* End PBXFrameworksBuildPhase section */

/* Begin PBXGroup section */
		75AD3CAE22262147B3125D2F /* Pods */ = {
			isa = PBXGroup;
			children = (
				32FC43833FA725B4475114A8 /* Pods-iOS15ProjectDependenciesSample.debug.xcconfig */,
				155A5929627CAD5759DFB118 /* Pods-iOS15ProjectDependenciesSample.release.xcconfig */,
			);
			path = Pods;
			sourceTree = "<group>";
		};
		A8DD9D8226F2D277008E9B81 = {
			isa = PBXGroup;
			children = (
				A8DD9D8D26F2D277008E9B81 /* iOS15ProjectDependenciesSample */,
				A8DD9D8C26F2D277008E9B81 /* Products */,
				75AD3CAE22262147B3125D2F /* Pods */,
				E0C77F7A2CD27529CCC628D2 /* Frameworks */,
			);
			sourceTree = "<group>";
		};
		A8DD9D8C26F2D277008E9B81 /* Products */ = {
			isa = PBXGroup;
			children = (
				A8DD9D8B26F2D277008E9B81 /* iOS15ProjectDependenciesSample.app */,
			);
			name = Products;
			sourceTree = "<group>";
		};
		A8DD9D8D26F2D277008E9B81 /* iOS15ProjectDependenciesSample */ = {
			isa = PBXGroup;
			children = (
				A8DD9D8E26F2D277008E9B81 /* iOS15ProjectDependenciesSampleApp.swift */,
				A8DD9D9026F2D277008E9B81 /* ContentView.swift */,
				A8DD9D9226F2D278008E9B81 /* Assets.xcassets */,
				A8DD9D9426F2D278008E9B81 /* Preview Content */,
			);
			path = iOS15ProjectDependenciesSample;
			sourceTree = "<group>";
		};
		A8DD9D9426F2D278008E9B81 /* Preview Content */ = {
			isa = PBXGroup;
			children = (
				A8DD9D9526F2D278008E9B81 /* Preview Assets.xcassets */,
			);
			path = "Preview Content";
			sourceTree = "<group>";
		};
		E0C77F7A2CD27529CCC628D2 /* Frameworks */ = {
			isa = PBXGroup;
			children = (
				A8DD9DA526F2D848008E9B81 /* Nuke.xcframework */,
				3C846A5F9521356298038A53 /* Pods_iOS15ProjectDependenciesSample.framework */,
			);
			name = Frameworks;
			sourceTree = "<group>";
		};
/* End PBXGroup section */

/* Begin PBXNativeTarget section */
		A8DD9D8A26F2D277008E9B81 /* iOS15ProjectDependenciesSample */ = {
			isa = PBXNativeTarget;
			buildConfigurationList = A8DD9D9926F2D278008E9B81 /* Build configuration list for PBXNativeTarget "iOS15ProjectDependenciesSample" */;
			buildPhases = (
				C42A7F6EA350396CBFF8039B /* [CP] Check Pods Manifest.lock */,
				A8DD9D8726F2D277008E9B81 /* Sources */,
				A8DD9D8826F2D277008E9B81 /* Frameworks */,
				A8DD9D8926F2D277008E9B81 /* Resources */,
				DD0335A999DF6448F3DE37AB /* [CP] Copy Pods Resources */,
			);
			buildRules = (
			);
			dependencies = (
			);
			name = iOS15ProjectDependenciesSample;
			packageProductDependencies = (
				A8DD9D9D26F2D2F3008E9B81 /* APIKit */,
				A8DD9DA026F2D37D008E9B81 /* Alamofire */,
				A8DD9DA326F2D3BF008E9B81 /* FacebookCore */,
			);
			productName = iOS15ProjectDependenciesSample;
			productReference = A8DD9D8B26F2D277008E9B81 /* iOS15ProjectDependenciesSample.app */;
			productType = "com.apple.product-type.application";
		};
/* End PBXNativeTarget section */

/* Begin PBXProject section */
		A8DD9D8326F2D277008E9B81 /* Project object */ = {
			isa = PBXProject;
			attributes = {
				BuildIndependentTargetsInParallel = 1;
				LastSwiftUpdateCheck = 1300;
				LastUpgradeCheck = 1300;
				TargetAttributes = {
					A8DD9D8A26F2D277008E9B81 = {
						CreatedOnToolsVersion = 13.0;
					};
				};
			};
			buildConfigurationList = A8DD9D8626F2D277008E9B81 /* Build configuration list for PBXProject "iOS15ProjectDependenciesSample" */;
			compatibilityVersion = "Xcode 13.0";
			developmentRegion = en;
			hasScannedForEncodings = 0;
			knownRegions = (
				en,
				Base,
			);
			mainGroup = A8DD9D8226F2D277008E9B81;
			packageReferences = (
				A8DD9D9C26F2D2F3008E9B81 /* XCRemoteSwiftPackageReference "APIKit" */,
				A8DD9D9F26F2D37D008E9B81 /* XCRemoteSwiftPackageReference "Alamofire" */,
				A8DD9DA226F2D3BF008E9B81 /* XCRemoteSwiftPackageReference "facebook-ios-sdk" */,
			);
			productRefGroup = A8DD9D8C26F2D277008E9B81 /* Products */;
			projectDirPath = "";
			projectRoot = "";
			targets = (
				A8DD9D8A26F2D277008E9B81 /* iOS15ProjectDependenciesSample */,
			);
		};
/* End PBXProject section */

/* Begin PBXResourcesBuildPhase section */
		A8DD9D8926F2D277008E9B81 /* Resources */ = {
			isa = PBXResourcesBuildPhase;
			buildActionMask = 2147483647;
			files = (
				A8DD9D9626F2D278008E9B81 /* Preview Assets.xcassets in Resources */,
				A8DD9D9326F2D278008E9B81 /* Assets.xcassets in Resources */,
			);
			runOnlyForDeploymentPostprocessing = 0;
		};
/* End PBXResourcesBuildPhase section */

/* Begin PBXShellScriptBuildPhase section */
		C42A7F6EA350396CBFF8039B /* [CP] Check Pods Manifest.lock */ = {
			isa = PBXShellScriptBuildPhase;
			buildActionMask = 2147483647;
			files = (
			);
			inputFileListPaths = (
			);
			inputPaths = (
				"${PODS_PODFILE_DIR_PATH}/Podfile.lock",
				"${PODS_ROOT}/Manifest.lock",
			);
			name = "[CP] Check Pods Manifest.lock";
			outputFileListPaths = (
			);
			outputPaths = (
				"$(DERIVED_FILE_DIR)/Pods-iOS15ProjectDependenciesSample-checkManifestLockResult.txt",
			);
			runOnlyForDeploymentPostprocessing = 0;
			shellPath = /bin/sh;
			shellScript = "diff \"${PODS_PODFILE_DIR_PATH}/Podfile.lock\" \"${PODS_ROOT}/Manifest.lock\" > /dev/null\nif [ $? != 0 ] ; then\n    # print error to STDERR\n    echo \"error: The sandbox is not in sync with the Podfile.lock. Run 'pod install' or update your CocoaPods installation.\" >&2\n    exit 1\nfi\n# This output is used by Xcode 'outputs' to avoid re-running this script phase.\necho \"SUCCESS\" > \"${SCRIPT_OUTPUT_FILE_0}\"\n";
			showEnvVarsInLog = 0;
		};
		DD0335A999DF6448F3DE37AB /* [CP] Copy Pods Resources */ = {
			isa = PBXShellScriptBuildPhase;
			buildActionMask = 2147483647;
			files = (
			);
			inputFileListPaths = (
				"${PODS_ROOT}/Target Support Files/Pods-iOS15ProjectDependenciesSample/Pods-iOS15ProjectDependenciesSample-resources-${CONFIGURATION}-input-files.xcfilelist",
			);
			name = "[CP] Copy Pods Resources";
			outputFileListPaths = (
				"${PODS_ROOT}/Target Support Files/Pods-iOS15ProjectDependenciesSample/Pods-iOS15ProjectDependenciesSample-resources-${CONFIGURATION}-output-files.xcfilelist",
			);
			runOnlyForDeploymentPostprocessing = 0;
			shellPath = /bin/sh;
			shellScript = "\"${PODS_ROOT}/Target Support Files/Pods-iOS15ProjectDependenciesSample/Pods-iOS15ProjectDependenciesSample-resources.sh\"\n";
			showEnvVarsInLog = 0;
		};
/* End PBXShellScriptBuildPhase section */

/* Begin PBXSourcesBuildPhase section */
		A8DD9D8726F2D277008E9B81 /* Sources */ = {
			isa = PBXSourcesBuildPhase;
			buildActionMask = 2147483647;
			files = (
				A8DD9D9126F2D277008E9B81 /* ContentView.swift in Sources */,
				A8DD9D8F26F2D277008E9B81 /* iOS15ProjectDependenciesSampleApp.swift in Sources */,
			);
			runOnlyForDeploymentPostprocessing = 0;
		};
/* End PBXSourcesBuildPhase section */

/* Begin XCBuildConfiguration section */
		A8DD9D9726F2D278008E9B81 /* Debug */ = {
			isa = XCBuildConfiguration;
			buildSettings = {
				ALWAYS_SEARCH_USER_PATHS = NO;
				CLANG_ANALYZER_NONNULL = YES;
				CLANG_ANALYZER_NUMBER_OBJECT_CONVERSION = YES_AGGRESSIVE;
				CLANG_CXX_LANGUAGE_STANDARD = "gnu++17";
				CLANG_CXX_LIBRARY = "libc++";
				CLANG_ENABLE_MODULES = YES;
				CLANG_ENABLE_OBJC_ARC = YES;
				CLANG_ENABLE_OBJC_WEAK = YES;
				CLANG_WARN_BLOCK_CAPTURE_AUTORELEASING = YES;
				CLANG_WARN_BOOL_CONVERSION = YES;
				CLANG_WARN_COMMA = YES;
				CLANG_WARN_CONSTANT_CONVERSION = YES;
				CLANG_WARN_DEPRECATED_OBJC_IMPLEMENTATIONS = YES;
				CLANG_WARN_DIRECT_OBJC_ISA_USAGE = YES_ERROR;
				CLANG_WARN_DOCUMENTATION_COMMENTS = YES;
				CLANG_WARN_EMPTY_BODY = YES;
				CLANG_WARN_ENUM_CONVERSION = YES;
				CLANG_WARN_INFINITE_RECURSION = YES;
				CLANG_WARN_INT_CONVERSION = YES;
				CLANG_WARN_NON_LITERAL_NULL_CONVERSION = YES;
				CLANG_WARN_OBJC_IMPLICIT_RETAIN_SELF = YES;
				CLANG_WARN_OBJC_LITERAL_CONVERSION = YES;
				CLANG_WARN_OBJC_ROOT_CLASS = YES_ERROR;
				CLANG_WARN_QUOTED_INCLUDE_IN_FRAMEWORK_HEADER = YES;
				CLANG_WARN_RANGE_LOOP_ANALYSIS = YES;
				CLANG_WARN_STRICT_PROTOTYPES = YES;
				CLANG_WARN_SUSPICIOUS_MOVE = YES;
				CLANG_WARN_UNGUARDED_AVAILABILITY = YES_AGGRESSIVE;
				CLANG_WARN_UNREACHABLE_CODE = YES;
				CLANG_WARN__DUPLICATE_METHOD_MATCH = YES;
				COPY_PHASE_STRIP = NO;
				DEBUG_INFORMATION_FORMAT = dwarf;
				ENABLE_STRICT_OBJC_MSGSEND = YES;
				ENABLE_TESTABILITY = YES;
				GCC_C_LANGUAGE_STANDARD = gnu11;
				GCC_DYNAMIC_NO_PIC = NO;
				GCC_NO_COMMON_BLOCKS = YES;
				GCC_OPTIMIZATION_LEVEL = 0;
				GCC_PREPROCESSOR_DEFINITIONS = (
					"DEBUG=1",
					"$(inherited)",
				);
				GCC_WARN_64_TO_32_BIT_CONVERSION = YES;
				GCC_WARN_ABOUT_RETURN_TYPE = YES_ERROR;
				GCC_WARN_UNDECLARED_SELECTOR = YES;
				GCC_WARN_UNINITIALIZED_AUTOS = YES_AGGRESSIVE;
				GCC_WARN_UNUSED_FUNCTION = YES;
				GCC_WARN_UNUSED_VARIABLE = YES;
				IPHONEOS_DEPLOYMENT_TARGET = 15.0;
				MTL_ENABLE_DEBUG_INFO = INCLUDE_SOURCE;
				MTL_FAST_MATH = YES;
				ONLY_ACTIVE_ARCH = YES;
				SDKROOT = iphoneos;
				SWIFT_ACTIVE_COMPILATION_CONDITIONS = DEBUG;
				SWIFT_OPTIMIZATION_LEVEL = "-Onone";
			};
			name = Debug;
		};
		A8DD9D9826F2D278008E9B81 /* Release */ = {
			isa = XCBuildConfiguration;
			buildSettings = {
				ALWAYS_SEARCH_USER_PATHS = NO;
				CLANG_ANALYZER_NONNULL = YES;
				CLANG_ANALYZER_NUMBER_OBJECT_CONVERSION = YES_AGGRESSIVE;
				CLANG_CXX_LANGUAGE_STANDARD = "gnu++17";
				CLANG_CXX_LIBRARY = "libc++";
				CLANG_ENABLE_MODULES = YES;
				CLANG_ENABLE_OBJC_ARC = YES;
				CLANG_ENABLE_OBJC_WEAK = YES;
				CLANG_WARN_BLOCK_CAPTURE_AUTORELEASING = YES;
				CLANG_WARN_BOOL_CONVERSION = YES;
				CLANG_WARN_COMMA = YES;
				CLANG_WARN_CONSTANT_CONVERSION = YES;
				CLANG_WARN_DEPRECATED_OBJC_IMPLEMENTATIONS = YES;
				CLANG_WARN_DIRECT_OBJC_ISA_USAGE = YES_ERROR;
				CLANG_WARN_DOCUMENTATION_COMMENTS = YES;
				CLANG_WARN_EMPTY_BODY = YES;
				CLANG_WARN_ENUM_CONVERSION = YES;
				CLANG_WARN_INFINITE_RECURSION = YES;
				CLANG_WARN_INT_CONVERSION = YES;
				CLANG_WARN_NON_LITERAL_NULL_CONVERSION = YES;
				CLANG_WARN_OBJC_IMPLICIT_RETAIN_SELF = YES;
				CLANG_WARN_OBJC_LITERAL_CONVERSION = YES;
				CLANG_WARN_OBJC_ROOT_CLASS = YES_ERROR;
				CLANG_WARN_QUOTED_INCLUDE_IN_FRAMEWORK_HEADER = YES;
				CLANG_WARN_RANGE_LOOP_ANALYSIS = YES;
				CLANG_WARN_STRICT_PROTOTYPES = YES;
				CLANG_WARN_SUSPICIOUS_MOVE = YES;
				CLANG_WARN_UNGUARDED_AVAILABILITY = YES_AGGRESSIVE;
				CLANG_WARN_UNREACHABLE_CODE = YES;
				CLANG_WARN__DUPLICATE_METHOD_MATCH = YES;
				COPY_PHASE_STRIP = NO;
				DEBUG_INFORMATION_FORMAT = "dwarf-with-dsym";
				ENABLE_NS_ASSERTIONS = NO;
				ENABLE_STRICT_OBJC_MSGSEND = YES;
				GCC_C_LANGUAGE_STANDARD = gnu11;
				GCC_NO_COMMON_BLOCKS = YES;
				GCC_WARN_64_TO_32_BIT_CONVERSION = YES;
				GCC_WARN_ABOUT_RETURN_TYPE = YES_ERROR;
				GCC_WARN_UNDECLARED_SELECTOR = YES;
				GCC_WARN_UNINITIALIZED_AUTOS = YES_AGGRESSIVE;
				GCC_WARN_UNUSED_FUNCTION = YES;
				GCC_WARN_UNUSED_VARIABLE = YES;
				IPHONEOS_DEPLOYMENT_TARGET = 15.0;
				MTL_ENABLE_DEBUG_INFO = NO;
				MTL_FAST_MATH = YES;
				SDKROOT = iphoneos;
				SWIFT_COMPILATION_MODE = wholemodule;
				SWIFT_OPTIMIZATION_LEVEL = "-O";
				VALIDATE_PRODUCT = YES;
			};
			name = Release;
		};
		A8DD9D9A26F2D278008E9B81 /* Debug */ = {
			isa = XCBuildConfiguration;
			baseConfigurationReference = 32FC43833FA725B4475114A8 /* Pods-iOS15ProjectDependenciesSample.debug.xcconfig */;
			buildSettings = {
				ASSETCATALOG_COMPILER_APPICON_NAME = AppIcon;
				ASSETCATALOG_COMPILER_GLOBAL_ACCENT_COLOR_NAME = AccentColor;
				CODE_SIGN_STYLE = Automatic;
				CURRENT_PROJECT_VERSION = 1;
				DEVELOPMENT_ASSET_PATHS = "\"iOS15ProjectDependenciesSample/Preview Content\"";
				ENABLE_PREVIEWS = YES;
				GENERATE_INFOPLIST_FILE = YES;
				INFOPLIST_KEY_UIApplicationSceneManifest_Generation = YES;
				INFOPLIST_KEY_UIApplicationSupportsIndirectInputEvents = YES;
				INFOPLIST_KEY_UILaunchScreen_Generation = YES;
				INFOPLIST_KEY_UISupportedInterfaceOrientations_iPad = "UIInterfaceOrientationPortrait UIInterfaceOrientationPortraitUpsideDown UIInterfaceOrientationLandscapeLeft UIInterfaceOrientationLandscapeRight";
				INFOPLIST_KEY_UISupportedInterfaceOrientations_iPhone = "UIInterfaceOrientationPortrait UIInterfaceOrientationLandscapeLeft UIInterfaceOrientationLandscapeRight";
				IPHONEOS_DEPLOYMENT_TARGET = 14.0;
				LD_RUNPATH_SEARCH_PATHS = (
					"$(inherited)",
					"@executable_path/Frameworks",
				);
				MARKETING_VERSION = 1.0;
				PRODUCT_BUNDLE_IDENTIFIER = biz.usk.iOS15ProjectDependenciesSample;
				PRODUCT_NAME = "$(TARGET_NAME)";
				SWIFT_EMIT_LOC_STRINGS = YES;
				SWIFT_VERSION = 5.0;
				TARGETED_DEVICE_FAMILY = "1,2";
			};
			name = Debug;
		};
		A8DD9D9B26F2D278008E9B81 /* Release */ = {
			isa = XCBuildConfiguration;
			baseConfigurationReference = 155A5929627CAD5759DFB118 /* Pods-iOS15ProjectDependenciesSample.release.xcconfig */;
			buildSettings = {
				ASSETCATALOG_COMPILER_APPICON_NAME = AppIcon;
				ASSETCATALOG_COMPILER_GLOBAL_ACCENT_COLOR_NAME = AccentColor;
				CODE_SIGN_STYLE = Automatic;
				CURRENT_PROJECT_VERSION = 1;
				DEVELOPMENT_ASSET_PATHS = "\"iOS15ProjectDependenciesSample/Preview Content\"";
				ENABLE_PREVIEWS = YES;
				GENERATE_INFOPLIST_FILE = YES;
				INFOPLIST_KEY_UIApplicationSceneManifest_Generation = YES;
				INFOPLIST_KEY_UIApplicationSupportsIndirectInputEvents = YES;
				INFOPLIST_KEY_UILaunchScreen_Generation = YES;
				INFOPLIST_KEY_UISupportedInterfaceOrientations_iPad = "UIInterfaceOrientationPortrait UIInterfaceOrientationPortraitUpsideDown UIInterfaceOrientationLandscapeLeft UIInterfaceOrientationLandscapeRight";
				INFOPLIST_KEY_UISupportedInterfaceOrientations_iPhone = "UIInterfaceOrientationPortrait UIInterfaceOrientationLandscapeLeft UIInterfaceOrientationLandscapeRight";
				IPHONEOS_DEPLOYMENT_TARGET = 14.0;
				LD_RUNPATH_SEARCH_PATHS = (
					"$(inherited)",
					"@executable_path/Frameworks",
				);
				MARKETING_VERSION = 1.0;
				PRODUCT_BUNDLE_IDENTIFIER = biz.usk.iOS15ProjectDependenciesSample;
				PRODUCT_NAME = "$(TARGET_NAME)";
				SWIFT_EMIT_LOC_STRINGS = YES;
				SWIFT_VERSION = 5.0;
				TARGETED_DEVICE_FAMILY = "1,2";
			};
			name = Release;
		};
/* End XCBuildConfiguration section */

/* Begin XCConfigurationList section */
		A8DD9D8626F2D277008E9B81 /* Build configuration list for PBXProject "iOS15ProjectDependenciesSample" */ = {
			isa = XCConfigurationList;
			buildConfigurations = (
				A8DD9D9726F2D278008E9B81 /* Debug */,
				A8DD9D9826F2D278008E9B81 /* Release */,
			);
			defaultConfigurationIsVisible = 0;
			defaultConfigurationName = Release;
		};
		A8DD9D9926F2D278008E9B81 /* Build configuration list for PBXNativeTarget "iOS15ProjectDependenciesSample" */ = {
			isa = XCConfigurationList;
			buildConfigurations = (
				A8DD9D9A26F2D278008E9B81 /* Debug */,
				A8DD9D9B26F2D278008E9B81 /* Release */,
			);
			defaultConfigurationIsVisible = 0;
			defaultConfigurationName = Release;
		};
/* End XCConfigurationList section */

/* Begin XCRemoteSwiftPackageReference section */
		A8DD9D9C26F2D2F3008E9B81 /* XCRemoteSwiftPackageReference "APIKit" */ = {
			isa = XCRemoteSwiftPackageReference;
			repositoryURL = "https://github.com/ishkawa/APIKit";
			requirement = {
				kind = upToNextMajorVersion;
				minimumVersion = 5.0.0;
			};
		};
		A8DD9D9F26F2D37D008E9B81 /* XCRemoteSwiftPackageReference "Alamofire" */ = {
			isa = XCRemoteSwiftPackageReference;
			repositoryURL = "https://github.com/Alamofire/Alamofire";
			requirement = {
				kind = upToNextMajorVersion;
				minimumVersion = 5.0.0;
			};
		};
		A8DD9DA226F2D3BF008E9B81 /* XCRemoteSwiftPackageReference "facebook-ios-sdk" */ = {
			isa = XCRemoteSwiftPackageReference;
			repositoryURL = "https://github.com/facebook/facebook-ios-sdk";
			requirement = {
				kind = upToNextMajorVersion;
				minimumVersion = 9.0.0;
			};
		};
/* End XCRemoteSwiftPackageReference section */

/* Begin XCSwiftPackageProductDependency section */
		A8DD9D9D26F2D2F3008E9B81 /* APIKit */ = {
			isa = XCSwiftPackageProductDependency;
			package = A8DD9D9C26F2D2F3008E9B81 /* XCRemoteSwiftPackageReference "APIKit" */;
			productName = APIKit;
		};
		A8DD9DA026F2D37D008E9B81 /* Alamofire */ = {
			isa = XCSwiftPackageProductDependency;
			package = A8DD9D9F26F2D37D008E9B81 /* XCRemoteSwiftPackageReference "Alamofire" */;
			productName = Alamofire;
		};
		A8DD9DA326F2D3BF008E9B81 /* FacebookCore */ = {
			isa = XCSwiftPackageProductDependency;
			package = A8DD9DA226F2D3BF008E9B81 /* XCRemoteSwiftPackageReference "facebook-ios-sdk" */;
			productName = FacebookCore;
		};
/* End XCSwiftPackageProductDependency section */
	};
	rootObject = A8DD9D8326F2D277008E9B81 /* Project object */;
}
